// !$*UTF8*$!
{
	archiveVersion = 1;
	classes = {
	};
	objectVersion = 46;
	objects = {

/* Begin PBXBuildFile section */
		4C457B405728F83F609FE0C6 /* Pods_LocationSample.framework in Frameworks */ = {isa = PBXBuildFile; fileRef = 94850C0BC789F3B49CB895AB /* Pods_LocationSample.framework */; };
		967DB8061D7DAB8500D23E8F /* AppDelegate.swift in Sources */ = {isa = PBXBuildFile; fileRef = 967DB8051D7DAB8500D23E8F /* AppDelegate.swift */; };
		967DB80D1D7DAB8500D23E8F /* Main.storyboard in Resources */ = {isa = PBXBuildFile; fileRef = 967DB80B1D7DAB8500D23E8F /* Main.storyboard */; };
		967DB80F1D7DAB8500D23E8F /* Assets.xcassets in Resources */ = {isa = PBXBuildFile; fileRef = 967DB80E1D7DAB8500D23E8F /* Assets.xcassets */; };
		967DB8121D7DAB8500D23E8F /* LaunchScreen.storyboard in Resources */ = {isa = PBXBuildFile; fileRef = 967DB8101D7DAB8500D23E8F /* LaunchScreen.storyboard */; };
		967DB81B1D7DAF8000D23E8F /* CurrentLocationViewController.swift in Sources */ = {isa = PBXBuildFile; fileRef = 967DB81A1D7DAF8000D23E8F /* CurrentLocationViewController.swift */; };
/* End PBXBuildFile section */

/* Begin PBXFileReference section */
		94850C0BC789F3B49CB895AB /* Pods_LocationSample.framework */ = {isa = PBXFileReference; explicitFileType = wrapper.framework; includeInIndex = 0; path = Pods_LocationSample.framework; sourceTree = BUILT_PRODUCTS_DIR; };
		967DB8021D7DAB8500D23E8F /* LocationSample.app */ = {isa = PBXFileReference; explicitFileType = wrapper.application; includeInIndex = 0; path = LocationSample.app; sourceTree = BUILT_PRODUCTS_DIR; };
		967DB8051D7DAB8500D23E8F /* AppDelegate.swift */ = {isa = PBXFileReference; lastKnownFileType = sourcecode.swift; path = AppDelegate.swift; sourceTree = "<group>"; };
		967DB80C1D7DAB8500D23E8F /* Base */ = {isa = PBXFileReference; lastKnownFileType = file.storyboard; name = Base; path = Base.lproj/Main.storyboard; sourceTree = "<group>"; };
		967DB80E1D7DAB8500D23E8F /* Assets.xcassets */ = {isa = PBXFileReference; lastKnownFileType = folder.assetcatalog; path = Assets.xcassets; sourceTree = "<group>"; };
		967DB8111D7DAB8500D23E8F /* Base */ = {isa = PBXFileReference; lastKnownFileType = file.storyboard; name = Base; path = Base.lproj/LaunchScreen.storyboard; sourceTree = "<group>"; };
		967DB8131D7DAB8500D23E8F /* Info.plist */ = {isa = PBXFileReference; lastKnownFileType = text.plist.xml; path = Info.plist; sourceTree = "<group>"; };
		967DB81A1D7DAF8000D23E8F /* CurrentLocationViewController.swift */ = {isa = PBXFileReference; fileEncoding = 4; lastKnownFileType = sourcecode.swift; path = CurrentLocationViewController.swift; sourceTree = "<group>"; };
		C50503151567DC5B6E61F361 /* Pods-LocationSample.release.xcconfig */ = {isa = PBXFileReference; includeInIndex = 1; lastKnownFileType = text.xcconfig; name = "Pods-LocationSample.release.xcconfig"; path = "Pods/Target Support Files/Pods-LocationSample/Pods-LocationSample.release.xcconfig"; sourceTree = "<group>"; };
		D359E0A77890D73137B56F71 /* Pods-LocationSample.debug.xcconfig */ = {isa = PBXFileReference; includeInIndex = 1; lastKnownFileType = text.xcconfig; name = "Pods-LocationSample.debug.xcconfig"; path = "Pods/Target Support Files/Pods-LocationSample/Pods-LocationSample.debug.xcconfig"; sourceTree = "<group>"; };
/* End PBXFileReference section */

/* Begin PBXFrameworksBuildPhase section */
		967DB7FF1D7DAB8500D23E8F /* Frameworks */ = {
			isa = PBXFrameworksBuildPhase;
			buildActionMask = 2147483647;
			files = (
				4C457B405728F83F609FE0C6 /* Pods_LocationSample.framework in Frameworks */,
			);
			runOnlyForDeploymentPostprocessing = 0;
		};
/* End PBXFrameworksBuildPhase section */

/* Begin PBXGroup section */
		4F3E40DF63BE5A16C9B9DB10 /* Pods */ = {
			isa = PBXGroup;
			children = (
				D359E0A77890D73137B56F71 /* Pods-LocationSample.debug.xcconfig */,
				C50503151567DC5B6E61F361 /* Pods-LocationSample.release.xcconfig */,
			);
			name = Pods;
			sourceTree = "<group>";
		};
		897F3C1D208C8F48FB926A7D /* Frameworks */ = {
			isa = PBXGroup;
			children = (
				94850C0BC789F3B49CB895AB /* Pods_LocationSample.framework */,
			);
			name = Frameworks;
			sourceTree = "<group>";
		};
		967DB7F91D7DAB8500D23E8F = {
			isa = PBXGroup;
			children = (
				967DB8041D7DAB8500D23E8F /* LocationSample */,
				967DB8031D7DAB8500D23E8F /* Products */,
				4F3E40DF63BE5A16C9B9DB10 /* Pods */,
				897F3C1D208C8F48FB926A7D /* Frameworks */,
			);
			sourceTree = "<group>";
		};
		967DB8031D7DAB8500D23E8F /* Products */ = {
			isa = PBXGroup;
			children = (
				967DB8021D7DAB8500D23E8F /* LocationSample.app */,
			);
			name = Products;
			sourceTree = "<group>";
		};
		967DB8041D7DAB8500D23E8F /* LocationSample */ = {
			isa = PBXGroup;
			children = (
				967DB8191D7DAF7100D23E8F /* ViewControllers */,
				967DB8051D7DAB8500D23E8F /* AppDelegate.swift */,
				967DB80B1D7DAB8500D23E8F /* Main.storyboard */,
				967DB80E1D7DAB8500D23E8F /* Assets.xcassets */,
				967DB8101D7DAB8500D23E8F /* LaunchScreen.storyboard */,
				967DB8131D7DAB8500D23E8F /* Info.plist */,
			);
			path = LocationSample;
			sourceTree = "<group>";
		};
		967DB8191D7DAF7100D23E8F /* ViewControllers */ = {
			isa = PBXGroup;
			children = (
				967DB81A1D7DAF8000D23E8F /* CurrentLocationViewController.swift */,
			);
			path = ViewControllers;
			sourceTree = "<group>";
		};
/* End PBXGroup section */

/* Begin PBXNativeTarget section */
		967DB8011D7DAB8500D23E8F /* LocationSample */ = {
			isa = PBXNativeTarget;
			buildConfigurationList = 967DB8161D7DAB8500D23E8F /* Build configuration list for PBXNativeTarget "LocationSample" */;
			buildPhases = (
				BF4802ABAA3757925D521BF5 /* [CP] Check Pods Manifest.lock */,
				967DB7FE1D7DAB8500D23E8F /* Sources */,
				967DB7FF1D7DAB8500D23E8F /* Frameworks */,
				967DB8001D7DAB8500D23E8F /* Resources */,
				E4395959D695D32F29A2FA33 /* [CP] Embed Pods Frameworks */,
				A01A3DF86C7AE982FC98BD4F /* [CP] Copy Pods Resources */,
			);
			buildRules = (
			);
			dependencies = (
			);
			name = LocationSample;
			productName = LocationSample;
			productReference = 967DB8021D7DAB8500D23E8F /* LocationSample.app */;
			productType = "com.apple.product-type.application";
		};
/* End PBXNativeTarget section */

/* Begin PBXProject section */
		967DB7FA1D7DAB8500D23E8F /* Project object */ = {
			isa = PBXProject;
			attributes = {
				LastSwiftUpdateCheck = 0730;
				LastUpgradeCheck = 0730;
				ORGANIZATIONNAME = SiliconOrchard;
				TargetAttributes = {
					967DB8011D7DAB8500D23E8F = {
						CreatedOnToolsVersion = 7.3.1;
					};
				};
			};
			buildConfigurationList = 967DB7FD1D7DAB8500D23E8F /* Build configuration list for PBXProject "LocationSample" */;
			compatibilityVersion = "Xcode 3.2";
			developmentRegion = English;
			hasScannedForEncodings = 0;
			knownRegions = (
				en,
				Base,
			);
			mainGroup = 967DB7F91D7DAB8500D23E8F;
			productRefGroup = 967DB8031D7DAB8500D23E8F /* Products */;
			projectDirPath = "";
			projectRoot = "";
			targets = (
				967DB8011D7DAB8500D23E8F /* LocationSample */,
			);
		};
/* End PBXProject section */

/* Begin PBXResourcesBuildPhase section */
		967DB8001D7DAB8500D23E8F /* Resources */ = {
			isa = PBXResourcesBuildPhase;
			buildActionMask = 2147483647;
			files = (
				967DB8121D7DAB8500D23E8F /* LaunchScreen.storyboard in Resources */,
				967DB80F1D7DAB8500D23E8F /* Assets.xcassets in Resources */,
				967DB80D1D7DAB8500D23E8F /* Main.storyboard in Resources */,
			);
			runOnlyForDeploymentPostprocessing = 0;
		};
/* End PBXResourcesBuildPhase section */

/* Begin PBXShellScriptBuildPhase section */
		A01A3DF86C7AE982FC98BD4F /* [CP] Copy Pods Resources */ = {
			isa = PBXShellScriptBuildPhase;
			buildActionMask = 2147483647;
			files = (
			);
			inputPaths = (
			);
			name = "[CP] Copy Pods Resources";
			outputPaths = (
			);
			runOnlyForDeploymentPostprocessing = 0;
			shellPath = /bin/sh;
			shellScript = "\"${SRCROOT}/Pods/Target Support Files/Pods-LocationSample/Pods-LocationSample-resources.sh\"\n";
			showEnvVarsInLog = 0;
		};
		BF4802ABAA3757925D521BF5 /* [CP] Check Pods Manifest.lock */ = {
			isa = PBXShellScriptBuildPhase;
			buildActionMask = 2147483647;
			files = (
			);
			inputPaths = (
			);
			name = "[CP] Check Pods Manifest.lock";
			outputPaths = (
			);
			runOnlyForDeploymentPostprocessing = 0;
			shellPath = /bin/sh;
			shellScript = "diff \"${PODS_ROOT}/../Podfile.lock\" \"${PODS_ROOT}/Manifest.lock\" > /dev/null\nif [[ $? != 0 ]] ; then\n    cat << EOM\nerror: The sandbox is not in sync with the Podfile.lock. Run 'pod install' or update your CocoaPods installation.\nEOM\n    exit 1\nfi\n";
			showEnvVarsInLog = 0;
		};
		E4395959D695D32F29A2FA33 /* [CP] Embed Pods Frameworks */ = {
			isa = PBXShellScriptBuildPhase;
			buildActionMask = 2147483647;
			files = (
			);
			inputPaths = (
			);
			name = "[CP] Embed Pods Frameworks";
			outputPaths = (
			);
			runOnlyForDeploymentPostprocessing = 0;
			shellPath = /bin/sh;
			shellScript = "\"${SRCROOT}/Pods/Target Support Files/Pods-LocationSample/Pods-LocationSample-frameworks.sh\"\n";
			showEnvVarsInLog = 0;
		};
/* End PBXShellScriptBuildPhase section */

/* Begin PBXSourcesBuildPhase section */
		967DB7FE1D7DAB8500D23E8F /* Sources */ = {
			isa = PBXSourcesBuildPhase;
			buildActionMask = 2147483647;
			files = (
				967DB8061D7DAB8500D23E8F /* AppDelegate.swift in Sources */,
				967DB81B1D7DAF8000D23E8F /* CurrentLocationViewController.swift in Sources */,
			);
			runOnlyForDeploymentPostprocessing = 0;
		};
/* End PBXSourcesBuildPhase section */

/* Begin PBXVariantGroup section */
		967DB80B1D7DAB8500D23E8F /* Main.storyboard */ = {
			isa = PBXVariantGroup;
			children = (
				967DB80C1D7DAB8500D23E8F /* Base */,
			);
			name = Main.storyboard;
			sourceTree = "<group>";
		};
		967DB8101D7DAB8500D23E8F /* LaunchScreen.storyboard */ = {
			isa = PBXVariantGroup;
			children = (
				967DB8111D7DAB8500D23E8F /* Base */,
			);
			name = LaunchScreen.storyboard;
			sourceTree = "<group>";
		};
/* End PBXVariantGroup section */

/* Begin XCBuildConfiguration section */
		967DB8141D7DAB8500D23E8F /* Debug */ = {
			isa = XCBuildConfiguration;
			buildSettings = {
				ALWAYS_SEARCH_USER_PATHS = NO;
				CLANG_ANALYZER_NONNULL = YES;
				CLANG_CXX_LANGUAGE_STANDARD = "gnu++0x";
				CLANG_CXX_LIBRARY = "libc++";
				CLANG_ENABLE_MODULES = YES;
				CLANG_ENABLE_OBJC_ARC = YES;
				CLANG_WARN_BOOL_CONVERSION = YES;
				CLANG_WARN_CONSTANT_CONVERSION = YES;
				CLANG_WARN_DIRECT_OBJC_ISA_USAGE = YES_ERROR;
				CLANG_WARN_EMPTY_BODY = YES;
				CLANG_WARN_ENUM_CONVERSION = YES;
				CLANG_WARN_INT_CONVERSION = YES;
				CLANG_WARN_OBJC_ROOT_CLASS = YES_ERROR;
				CLANG_WARN_UNREACHABLE_CODE = YES;
				CLANG_WARN__DUPLICATE_METHOD_MATCH = YES;
				"CODE_SIGN_IDENTITY[sdk=iphoneos*]" = "iPhone Developer";
				COPY_PHASE_STRIP = NO;
				DEBUG_INFORMATION_FORMAT = dwarf;
				ENABLE_STRICT_OBJC_MSGSEND = YES;
				ENABLE_TESTABILITY = YES;
				GCC_C_LANGUAGE_STANDARD = gnu99;
				GCC_DYNAMIC_NO_PIC = NO;
				GCC_NO_COMMON_BLOCKS = YES;
				GCC_OPTIMIZATION_LEVEL = 0;
				GCC_PREPROCESSOR_DEFINITIONS = (
					"DEBUG=1",
					"$(inherited)",
				);
				GCC_WARN_64_TO_32_BIT_CONVERSION = YES;
				GCC_WARN_ABOUT_RETURN_TYPE = YES_ERROR;
				GCC_WARN_UNDECLARED_SELECTOR = YES;
				GCC_WARN_UNINITIALIZED_AUTOS = YES_AGGRESSIVE;
				GCC_WARN_UNUSED_FUNCTION = YES;
				GCC_WARN_UNUSED_VARIABLE = YES;
				IPHONEOS_DEPLOYMENT_TARGET = 9.3;
				MTL_ENABLE_DEBUG_INFO = YES;
				ONLY_ACTIVE_ARCH = YES;
				SDKROOT = iphoneos;
				SWIFT_OPTIMIZATION_LEVEL = "-Onone";
				TARGETED_DEVICE_FAMILY = "1,2";
			};
			name = Debug;
		};
		967DB8151D7DAB8500D23E8F /* Release */ = {
			isa = XCBuildConfiguration;
			buildSettings = {
				ALWAYS_SEARCH_USER_PATHS = NO;
				CLANG_ANALYZER_NONNULL = YES;
				CLANG_CXX_LANGUAGE_STANDARD = "gnu++0x";
				CLANG_CXX_LIBRARY = "libc++";
				CLANG_ENABLE_MODULES = YES;
				CLANG_ENABLE_OBJC_ARC = YES;
				CLANG_WARN_BOOL_CONVERSION = YES;
				CLANG_WARN_CONSTANT_CONVERSION = YES;
				CLANG_WARN_DIRECT_OBJC_ISA_USAGE = YES_ERROR;
				CLANG_WARN_EMPTY_BODY = YES;
				CLANG_WARN_ENUM_CONVERSION = YES;
				CLANG_WARN_INT_CONVERSION = YES;
				CLANG_WARN_OBJC_ROOT_CLASS = YES_ERROR;
				CLANG_WARN_UNREACHABLE_CODE = YES;
				CLANG_WARN__DUPLICATE_METHOD_MATCH = YES;
				"CODE_SIGN_IDENTITY[sdk=iphoneos*]" = "iPhone Developer";
				COPY_PHASE_STRIP = NO;
				DEBUG_INFORMATION_FORMAT = "dwarf-with-dsym";
				ENABLE_NS_ASSERTIONS = NO;
				ENABLE_STRICT_OBJC_MSGSEND = YES;
				GCC_C_LANGUAGE_STANDARD = gnu99;
				GCC_NO_COMMON_BLOCKS = YES;
				GCC_WARN_64_TO_32_BIT_CONVERSION = YES;
				GCC_WARN_ABOUT_RETURN_TYPE = YES_ERROR;
				GCC_WARN_UNDECLARED_SELECTOR = YES;
				GCC_WARN_UNINITIALIZED_AUTOS = YES_AGGRESSIVE;
				GCC_WARN_UNUSED_FUNCTION = YES;
				GCC_WARN_UNUSED_VARIABLE = YES;
				IPHONEOS_DEPLOYMENT_TARGET = 9.3;
				MTL_ENABLE_DEBUG_INFO = NO;
				SDKROOT = iphoneos;
				TARGETED_DEVICE_FAMILY = "1,2";
				VALIDATE_PRODUCT = YES;
			};
			name = Release;
		};
		967DB8171D7DAB8500D23E8F /* Debug */ = {
			isa = XCBuildConfiguration;
			baseConfigurationReference = D359E0A77890D73137B56F71 /* Pods-LocationSample.debug.xcconfig */;
			buildSettings = {
				ASSETCATALOG_COMPILER_APPICON_NAME = AppIcon;
				INFOPLIST_FILE = LocationSample/Info.plist;
				LD_RUNPATH_SEARCH_PATHS = "$(inherited) @executable_path/Frameworks";
				PRODUCT_BUNDLE_IDENTIFIER = com.siliconOrchard.LocationSample;
				PRODUCT_NAME = "$(TARGET_NAME)";
			};
			name = Debug;
		};
		967DB8181D7DAB8500D23E8F /* Release */ = {
			isa = XCBuildConfiguration;
			baseConfigurationReference = C50503151567DC5B6E61F361 /* Pods-LocationSample.release.xcconfig */;
			buildSettings = {
				ASSETCATALOG_COMPILER_APPICON_NAME = AppIcon;
				INFOPLIST_FILE = LocationSample/Info.plist;
				LD_RUNPATH_SEARCH_PATHS = "$(inherited) @executable_path/Frameworks";
				PRODUCT_BUNDLE_IDENTIFIER = com.siliconOrchard.LocationSample;
				PRODUCT_NAME = "$(TARGET_NAME)";
			};
			name = Release;
		};
/* End XCBuildConfiguration section */

/* Begin XCConfigurationList section */
		967DB7FD1D7DAB8500D23E8F /* Build configuration list for PBXProject "LocationSample" */ = {
			isa = XCConfigurationList;
			buildConfigurations = (
				967DB8141D7DAB8500D23E8F /* Debug */,
				967DB8151D7DAB8500D23E8F /* Release */,
			);
			defaultConfigurationIsVisible = 0;
			defaultConfigurationName = Release;
		};
		967DB8161D7DAB8500D23E8F /* Build configuration list for PBXNativeTarget "LocationSample" */ = {
			isa = XCConfigurationList;
			buildConfigurations = (
				967DB8171D7DAB8500D23E8F /* Debug */,
				967DB8181D7DAB8500D23E8F /* Release */,
			);
			defaultConfigurationIsVisible = 0;
			defaultConfigurationName = Release;
		};
/* End XCConfigurationList section */
	};
	rootObject = 967DB7FA1D7DAB8500D23E8F /* Project object */;
}
